
Microsoft Visual Studio Solution File, Format Version 12.00
# Visual Studio 14
VisualStudioVersion = 14.0.25123.0
MinimumVisualStudioVersion = 10.0.40219.1
Project("{FAE04EC0-301F-11D3-BF4B-00C04F79EFBC}") = "AgresiveCowsCS", "AgresiveCowsCS\AgresiveCowsCS.csproj", "{AE422570-F349-4B60-93DC-427D0FD1375F}"
EndProject
Global
	GlobalSection(SolutionConfigurationPlatforms) = preSolution
		Debug|Any CPU = Debug|Any CPU
		Release|Any CPU = Release|Any CPU
	EndGlobalSection
	GlobalSection(ProjectConfigurationPlatforms) = postSolution
		{AE422570-F349-4B60-93DC-427D0FD1375F}.Debug|Any CPU.ActiveCfg = Debug|Any CPU
		{AE422570-F349-4B60-93DC-427D0FD1375F}.Debug|Any CPU.Build.0 = Debug|Any CPU
		{AE422570-F349-4B60-93DC-427D0FD1375F}.Release|Any CPU.ActiveCfg = Release|Any CPU
		{AE422570-F349-4B60-93DC-427D0FD1375F}.Release|Any CPU.Build.0 = Release|Any CPU
	EndGlobalSection
	GlobalSection(SolutionProperties) = preSolution
		HideSolutionNode = FALSE
	EndGlobalSection
EndGlobal
